
Microsoft Visual Studio Solution File, Format Version 12.00
# Visual Studio Version 17
VisualStudioVersion = 17.5.33530.505
MinimumVisualStudioVersion = 10.0.40219.1
Project("{FAE04EC0-301F-11D3-BF4B-00C04F79EFBC}") = "Webtest1", "Webtest1\Webtest1.csproj", "{D00E0AB5-9028-40A7-8868-4E12CD103FA7}"
EndProject
Project("{FAE04EC0-301F-11D3-BF4B-00C04F79EFBC}") = "webtest2", "webtest2\webtest2.csproj", "{6C18DFE1-935A-403C-9DF5-83A36CC57687}"
EndProject
Global
	GlobalSection(SolutionConfigurationPlatforms) = preSolution
		Debug|Any CPU = Debug|Any CPU
		Release|Any CPU = Release|Any CPU
	EndGlobalSection
	GlobalSection(ProjectConfigurationPlatforms) = postSolution
		{D00E0AB5-9028-40A7-8868-4E12CD103FA7}.Debug|Any CPU.ActiveCfg = Debug|Any CPU
		{D00E0AB5-9028-40A7-8868-4E12CD103FA7}.Debug|Any CPU.Build.0 = Debug|Any CPU
		{D00E0AB5-9028-40A7-8868-4E12CD103FA7}.Release|Any CPU.ActiveCfg = Release|Any CPU
		{D00E0AB5-9028-40A7-8868-4E12CD103FA7}.Release|Any CPU.Build.0 = Release|Any CPU
		{6C18DFE1-935A-403C-9DF5-83A36CC57687}.Debug|Any CPU.ActiveCfg = Debug|Any CPU
		{6C18DFE1-935A-403C-9DF5-83A36CC57687}.Debug|Any CPU.Build.0 = Debug|Any CPU
		{6C18DFE1-935A-403C-9DF5-83A36CC57687}.Release|Any CPU.ActiveCfg = Release|Any CPU
		{6C18DFE1-935A-403C-9DF5-83A36CC57687}.Release|Any CPU.Build.0 = Release|Any CPU
	EndGlobalSection
	GlobalSection(SolutionProperties) = preSolution
		HideSolutionNode = FALSE
	EndGlobalSection
	GlobalSection(ExtensibilityGlobals) = postSolution
		SolutionGuid = {00520E7F-1760-437C-9285-2D11E1527FCC}
	EndGlobalSection
EndGlobal
